// !$*UTF8*$!
{
	archiveVersion = 1;
	classes = {
	};
	objectVersion = 46;
	objects = {

/* Begin PBXBuildFile section */
		C459E45E1D01532D0017A078 /* main.m in Sources */ = {isa = PBXBuildFile; fileRef = C459E45D1D01532D0017A078 /* main.m */; };
		C459E4611D01532D0017A078 /* AppDelegate.m in Sources */ = {isa = PBXBuildFile; fileRef = C459E4601D01532D0017A078 /* AppDelegate.m */; };
		C459E4641D01532D0017A078 /* ViewController.m in Sources */ = {isa = PBXBuildFile; fileRef = C459E4631D01532D0017A078 /* ViewController.m */; };
		C459E4671D01532D0017A078 /* Main.storyboard in Resources */ = {isa = PBXBuildFile; fileRef = C459E4651D01532D0017A078 /* Main.storyboard */; };
		C459E4691D01532D0017A078 /* Assets.xcassets in Resources */ = {isa = PBXBuildFile; fileRef = C459E4681D01532D0017A078 /* Assets.xcassets */; };
		C459E46C1D01532D0017A078 /* LaunchScreen.storyboard in Resources */ = {isa = PBXBuildFile; fileRef = C459E46A1D01532D0017A078 /* LaunchScreen.storyboard */; };
		C459E47C1D01533E0017A078 /* BANetManager.m in Sources */ = {isa = PBXBuildFile; fileRef = C459E4751D01533E0017A078 /* BANetManager.m */; };
		C459E47F1D01533E0017A078 /* UIImage+compressIMG.m in Sources */ = {isa = PBXBuildFile; fileRef = C459E47B1D01533E0017A078 /* UIImage+compressIMG.m */; };
		FB520B9FAE373CBB74B25EE2 /* libPods-BANetManager.a in Frameworks */ = {isa = PBXBuildFile; fileRef = 19FC6B9C18EB8FCE71E86168 /* libPods-BANetManager.a */; };
/* End PBXBuildFile section */

/* Begin PBXFileReference section */
		0A0E2D289F48E539ED45520A /* Pods-BANetManager.debug.xcconfig */ = {isa = PBXFileReference; includeInIndex = 1; lastKnownFileType = text.xcconfig; name = "Pods-BANetManager.debug.xcconfig"; path = "Pods/Target Support Files/Pods-BANetManager/Pods-BANetManager.debug.xcconfig"; sourceTree = "<group>"; };
		19FC6B9C18EB8FCE71E86168 /* libPods-BANetManager.a */ = {isa = PBXFileReference; explicitFileType = archive.ar; includeInIndex = 0; path = "libPods-BANetManager.a"; sourceTree = BUILT_PRODUCTS_DIR; };
		67D848BAB0F5DAD854E553F3 /* Pods-BANetManager.release.xcconfig */ = {isa = PBXFileReference; includeInIndex = 1; lastKnownFileType = text.xcconfig; name = "Pods-BANetManager.release.xcconfig"; path = "Pods/Target Support Files/Pods-BANetManager/Pods-BANetManager.release.xcconfig"; sourceTree = "<group>"; };
		C459E4591D01532D0017A078 /* BANetManager.app */ = {isa = PBXFileReference; explicitFileType = wrapper.application; includeInIndex = 0; path = BANetManager.app; sourceTree = BUILT_PRODUCTS_DIR; };
		C459E45D1D01532D0017A078 /* main.m */ = {isa = PBXFileReference; lastKnownFileType = sourcecode.c.objc; path = main.m; sourceTree = "<group>"; };
		C459E45F1D01532D0017A078 /* AppDelegate.h */ = {isa = PBXFileReference; lastKnownFileType = sourcecode.c.h; path = AppDelegate.h; sourceTree = "<group>"; };
		C459E4601D01532D0017A078 /* AppDelegate.m */ = {isa = PBXFileReference; lastKnownFileType = sourcecode.c.objc; path = AppDelegate.m; sourceTree = "<group>"; };
		C459E4621D01532D0017A078 /* ViewController.h */ = {isa = PBXFileReference; lastKnownFileType = sourcecode.c.h; path = ViewController.h; sourceTree = "<group>"; };
		C459E4631D01532D0017A078 /* ViewController.m */ = {isa = PBXFileReference; lastKnownFileType = sourcecode.c.objc; path = ViewController.m; sourceTree = "<group>"; };
		C459E4661D01532D0017A078 /* Base */ = {isa = PBXFileReference; lastKnownFileType = file.storyboard; name = Base; path = Base.lproj/Main.storyboard; sourceTree = "<group>"; };
		C459E4681D01532D0017A078 /* Assets.xcassets */ = {isa = PBXFileReference; lastKnownFileType = folder.assetcatalog; path = Assets.xcassets; sourceTree = "<group>"; };
		C459E46B1D01532D0017A078 /* Base */ = {isa = PBXFileReference; lastKnownFileType = file.storyboard; name = Base; path = Base.lproj/LaunchScreen.storyboard; sourceTree = "<group>"; };
		C459E46D1D01532D0017A078 /* Info.plist */ = {isa = PBXFileReference; lastKnownFileType = text.plist.xml; path = Info.plist; sourceTree = "<group>"; };
		C459E4741D01533E0017A078 /* BANetManager.h */ = {isa = PBXFileReference; fileEncoding = 4; lastKnownFileType = sourcecode.c.h; path = BANetManager.h; sourceTree = "<group>"; };
		C459E4751D01533E0017A078 /* BANetManager.m */ = {isa = PBXFileReference; fileEncoding = 4; lastKnownFileType = sourcecode.c.objc; path = BANetManager.m; sourceTree = "<group>"; };
		C459E47A1D01533E0017A078 /* UIImage+compressIMG.h */ = {isa = PBXFileReference; fileEncoding = 4; lastKnownFileType = sourcecode.c.h; path = "UIImage+compressIMG.h"; sourceTree = "<group>"; };
		C459E47B1D01533E0017A078 /* UIImage+compressIMG.m */ = {isa = PBXFileReference; fileEncoding = 4; lastKnownFileType = sourcecode.c.objc; path = "UIImage+compressIMG.m"; sourceTree = "<group>"; };
/* End PBXFileReference section */

/* Begin PBXFrameworksBuildPhase section */
		C459E4561D01532D0017A078 /* Frameworks */ = {
			isa = PBXFrameworksBuildPhase;
			buildActionMask = 2147483647;
			files = (
				FB520B9FAE373CBB74B25EE2 /* libPods-BANetManager.a in Frameworks */,
			);
			runOnlyForDeploymentPostprocessing = 0;
		};
/* End PBXFrameworksBuildPhase section */

/* Begin PBXGroup section */
		B4C025A7EB2B586E984BA0EF /* Pods */ = {
			isa = PBXGroup;
			children = (
				0A0E2D289F48E539ED45520A /* Pods-BANetManager.debug.xcconfig */,
				67D848BAB0F5DAD854E553F3 /* Pods-BANetManager.release.xcconfig */,
			);
			name = Pods;
			sourceTree = "<group>";
		};
		C459E4501D01532D0017A078 = {
			isa = PBXGroup;
			children = (
				C459E45B1D01532D0017A078 /* BANetManager */,
				C459E45A1D01532D0017A078 /* Products */,
				B4C025A7EB2B586E984BA0EF /* Pods */,
				CA3D52AF20AA164F63F4D8AE /* Frameworks */,
			);
			sourceTree = "<group>";
		};
		C459E45A1D01532D0017A078 /* Products */ = {
			isa = PBXGroup;
			children = (
				C459E4591D01532D0017A078 /* BANetManager.app */,
			);
			name = Products;
			sourceTree = "<group>";
		};
		C459E45B1D01532D0017A078 /* BANetManager */ = {
			isa = PBXGroup;
			children = (
				C459E4731D01533E0017A078 /* BANetManager */,
				C459E45F1D01532D0017A078 /* AppDelegate.h */,
				C459E4601D01532D0017A078 /* AppDelegate.m */,
				C459E4621D01532D0017A078 /* ViewController.h */,
				C459E4631D01532D0017A078 /* ViewController.m */,
				C459E4651D01532D0017A078 /* Main.storyboard */,
				C459E4681D01532D0017A078 /* Assets.xcassets */,
				C459E46A1D01532D0017A078 /* LaunchScreen.storyboard */,
				C459E46D1D01532D0017A078 /* Info.plist */,
				C459E45C1D01532D0017A078 /* Supporting Files */,
			);
			path = BANetManager;
			sourceTree = "<group>";
		};
		C459E45C1D01532D0017A078 /* Supporting Files */ = {
			isa = PBXGroup;
			children = (
				C459E45D1D01532D0017A078 /* main.m */,
			);
			name = "Supporting Files";
			sourceTree = "<group>";
		};
		C459E4731D01533E0017A078 /* BANetManager */ = {
			isa = PBXGroup;
			children = (
				C459E4741D01533E0017A078 /* BANetManager.h */,
				C459E4751D01533E0017A078 /* BANetManager.m */,
				C459E47A1D01533E0017A078 /* UIImage+compressIMG.h */,
				C459E47B1D01533E0017A078 /* UIImage+compressIMG.m */,
			);
			path = BANetManager;
			sourceTree = "<group>";
		};
		CA3D52AF20AA164F63F4D8AE /* Frameworks */ = {
			isa = PBXGroup;
			children = (
				19FC6B9C18EB8FCE71E86168 /* libPods-BANetManager.a */,
			);
			name = Frameworks;
			sourceTree = "<group>";
		};
/* End PBXGroup section */

/* Begin PBXNativeTarget section */
		C459E4581D01532D0017A078 /* BANetManager */ = {
			isa = PBXNativeTarget;
			buildConfigurationList = C459E4701D01532D0017A078 /* Build configuration list for PBXNativeTarget "BANetManager" */;
			buildPhases = (
				23700D6ECF3B2842E8B3FCB7 /* Check Pods Manifest.lock */,
				C459E4551D01532D0017A078 /* Sources */,
				C459E4561D01532D0017A078 /* Frameworks */,
				C459E4571D01532D0017A078 /* Resources */,
				8CA0157C4F4BBBEBB774BE2E /* Embed Pods Frameworks */,
				434FDB6E6468143B996CC32E /* Copy Pods Resources */,
			);
			buildRules = (
			);
			dependencies = (
			);
			name = BANetManager;
			productName = BANetManager;
			productReference = C459E4591D01532D0017A078 /* BANetManager.app */;
			productType = "com.apple.product-type.application";
		};
/* End PBXNativeTarget section */

/* Begin PBXProject section */
		C459E4511D01532D0017A078 /* Project object */ = {
			isa = PBXProject;
			attributes = {
				LastUpgradeCheck = 0720;
				ORGANIZATIONNAME = "博爱之家";
				TargetAttributes = {
					C459E4581D01532D0017A078 = {
						CreatedOnToolsVersion = 7.2;
					};
				};
			};
			buildConfigurationList = C459E4541D01532D0017A078 /* Build configuration list for PBXProject "BANetManager" */;
			compatibilityVersion = "Xcode 3.2";
			developmentRegion = English;
			hasScannedForEncodings = 0;
			knownRegions = (
				en,
				Base,
			);
			mainGroup = C459E4501D01532D0017A078;
			productRefGroup = C459E45A1D01532D0017A078 /* Products */;
			projectDirPath = "";
			projectRoot = "";
			targets = (
				C459E4581D01532D0017A078 /* BANetManager */,
			);
		};
/* End PBXProject section */

/* Begin PBXResourcesBuildPhase section */
		C459E4571D01532D0017A078 /* Resources */ = {
			isa = PBXResourcesBuildPhase;
			buildActionMask = 2147483647;
			files = (
				C459E46C1D01532D0017A078 /* LaunchScreen.storyboard in Resources */,
				C459E4691D01532D0017A078 /* Assets.xcassets in Resources */,
				C459E4671D01532D0017A078 /* Main.storyboard in Resources */,
			);
			runOnlyForDeploymentPostprocessing = 0;
		};
/* End PBXResourcesBuildPhase section */

/* Begin PBXShellScriptBuildPhase section */
		23700D6ECF3B2842E8B3FCB7 /* Check Pods Manifest.lock */ = {
			isa = PBXShellScriptBuildPhase;
			buildActionMask = 2147483647;
			files = (
			);
			inputPaths = (
			);
			name = "Check Pods Manifest.lock";
			outputPaths = (
			);
			runOnlyForDeploymentPostprocessing = 0;
			shellPath = /bin/sh;
			shellScript = "diff \"${PODS_ROOT}/../Podfile.lock\" \"${PODS_ROOT}/Manifest.lock\" > /dev/null\nif [[ $? != 0 ]] ; then\n    cat << EOM\nerror: The sandbox is not in sync with the Podfile.lock. Run 'pod install' or update your CocoaPods installation.\nEOM\n    exit 1\nfi\n";
			showEnvVarsInLog = 0;
		};
		434FDB6E6468143B996CC32E /* Copy Pods Resources */ = {
			isa = PBXShellScriptBuildPhase;
			buildActionMask = 2147483647;
			files = (
			);
			inputPaths = (
			);
			name = "Copy Pods Resources";
			outputPaths = (
			);
			runOnlyForDeploymentPostprocessing = 0;
			shellPath = /bin/sh;
			shellScript = "\"${SRCROOT}/Pods/Target Support Files/Pods-BANetManager/Pods-BANetManager-resources.sh\"\n";
			showEnvVarsInLog = 0;
		};
		8CA0157C4F4BBBEBB774BE2E /* Embed Pods Frameworks */ = {
			isa = PBXShellScriptBuildPhase;
			buildActionMask = 2147483647;
			files = (
			);
			inputPaths = (
			);
			name = "Embed Pods Frameworks";
			outputPaths = (
			);
			runOnlyForDeploymentPostprocessing = 0;
			shellPath = /bin/sh;
			shellScript = "\"${SRCROOT}/Pods/Target Support Files/Pods-BANetManager/Pods-BANetManager-frameworks.sh\"\n";
			showEnvVarsInLog = 0;
		};
/* End PBXShellScriptBuildPhase section */

/* Begin PBXSourcesBuildPhase section */
		C459E4551D01532D0017A078 /* Sources */ = {
			isa = PBXSourcesBuildPhase;
			buildActionMask = 2147483647;
			files = (
				C459E4641D01532D0017A078 /* ViewController.m in Sources */,
				C459E4611D01532D0017A078 /* AppDelegate.m in Sources */,
				C459E47C1D01533E0017A078 /* BANetManager.m in Sources */,
				C459E45E1D01532D0017A078 /* main.m in Sources */,
				C459E47F1D01533E0017A078 /* UIImage+compressIMG.m in Sources */,
			);
			runOnlyForDeploymentPostprocessing = 0;
		};
/* End PBXSourcesBuildPhase section */

/* Begin PBXVariantGroup section */
		C459E4651D01532D0017A078 /* Main.storyboard */ = {
			isa = PBXVariantGroup;
			children = (
				C459E4661D01532D0017A078 /* Base */,
			);
			name = Main.storyboard;
			sourceTree = "<group>";
		};
		C459E46A1D01532D0017A078 /* LaunchScreen.storyboard */ = {
			isa = PBXVariantGroup;
			children = (
				C459E46B1D01532D0017A078 /* Base */,
			);
			name = LaunchScreen.storyboard;
			sourceTree = "<group>";
		};
/* End PBXVariantGroup section */

/* Begin XCBuildConfiguration section */
		C459E46E1D01532D0017A078 /* Debug */ = {
			isa = XCBuildConfiguration;
			buildSettings = {
				ALWAYS_SEARCH_USER_PATHS = NO;
				CLANG_CXX_LANGUAGE_STANDARD = "gnu++0x";
				CLANG_CXX_LIBRARY = "libc++";
				CLANG_ENABLE_MODULES = YES;
				CLANG_ENABLE_OBJC_ARC = YES;
				CLANG_WARN_BOOL_CONVERSION = YES;
				CLANG_WARN_CONSTANT_CONVERSION = YES;
				CLANG_WARN_DIRECT_OBJC_ISA_USAGE = YES_ERROR;
				CLANG_WARN_EMPTY_BODY = YES;
				CLANG_WARN_ENUM_CONVERSION = YES;
				CLANG_WARN_INT_CONVERSION = YES;
				CLANG_WARN_OBJC_ROOT_CLASS = YES_ERROR;
				CLANG_WARN_UNREACHABLE_CODE = YES;
				CLANG_WARN__DUPLICATE_METHOD_MATCH = YES;
				"CODE_SIGN_IDENTITY[sdk=iphoneos*]" = "iPhone Developer";
				COPY_PHASE_STRIP = NO;
				DEBUG_INFORMATION_FORMAT = dwarf;
				ENABLE_STRICT_OBJC_MSGSEND = YES;
				ENABLE_TESTABILITY = YES;
				GCC_C_LANGUAGE_STANDARD = gnu99;
				GCC_DYNAMIC_NO_PIC = NO;
				GCC_NO_COMMON_BLOCKS = YES;
				GCC_OPTIMIZATION_LEVEL = 0;
				GCC_PREPROCESSOR_DEFINITIONS = (
					"DEBUG=1",
					"$(inherited)",
				);
				GCC_WARN_64_TO_32_BIT_CONVERSION = YES;
				GCC_WARN_ABOUT_RETURN_TYPE = YES_ERROR;
				GCC_WARN_UNDECLARED_SELECTOR = YES;
				GCC_WARN_UNINITIALIZED_AUTOS = YES_AGGRESSIVE;
				GCC_WARN_UNUSED_FUNCTION = YES;
				GCC_WARN_UNUSED_VARIABLE = YES;
				IPHONEOS_DEPLOYMENT_TARGET = 9.2;
				MTL_ENABLE_DEBUG_INFO = YES;
				ONLY_ACTIVE_ARCH = YES;
				SDKROOT = iphoneos;
				TARGETED_DEVICE_FAMILY = "1,2";
			};
			name = Debug;
		};
		C459E46F1D01532D0017A078 /* Release */ = {
			isa = XCBuildConfiguration;
			buildSettings = {
				ALWAYS_SEARCH_USER_PATHS = NO;
				CLANG_CXX_LANGUAGE_STANDARD = "gnu++0x";
				CLANG_CXX_LIBRARY = "libc++";
				CLANG_ENABLE_MODULES = YES;
				CLANG_ENABLE_OBJC_ARC = YES;
				CLANG_WARN_BOOL_CONVERSION = YES;
				CLANG_WARN_CONSTANT_CONVERSION = YES;
				CLANG_WARN_DIRECT_OBJC_ISA_USAGE = YES_ERROR;
				CLANG_WARN_EMPTY_BODY = YES;
				CLANG_WARN_ENUM_CONVERSION = YES;
				CLANG_WARN_INT_CONVERSION = YES;
				CLANG_WARN_OBJC_ROOT_CLASS = YES_ERROR;
				CLANG_WARN_UNREACHABLE_CODE = YES;
				CLANG_WARN__DUPLICATE_METHOD_MATCH = YES;
				"CODE_SIGN_IDENTITY[sdk=iphoneos*]" = "iPhone Developer";
				COPY_PHASE_STRIP = NO;
				DEBUG_INFORMATION_FORMAT = "dwarf-with-dsym";
				ENABLE_NS_ASSERTIONS = NO;
				ENABLE_STRICT_OBJC_MSGSEND = YES;
				GCC_C_LANGUAGE_STANDARD = gnu99;
				GCC_NO_COMMON_BLOCKS = YES;
				GCC_WARN_64_TO_32_BIT_CONVERSION = YES;
				GCC_WARN_ABOUT_RETURN_TYPE = YES_ERROR;
				GCC_WARN_UNDECLARED_SELECTOR = YES;
				GCC_WARN_UNINITIALIZED_AUTOS = YES_AGGRESSIVE;
				GCC_WARN_UNUSED_FUNCTION = YES;
				GCC_WARN_UNUSED_VARIABLE = YES;
				IPHONEOS_DEPLOYMENT_TARGET = 9.2;
				MTL_ENABLE_DEBUG_INFO = NO;
				SDKROOT = iphoneos;
				TARGETED_DEVICE_FAMILY = "1,2";
				VALIDATE_PRODUCT = YES;
			};
			name = Release;
		};
		C459E4711D01532D0017A078 /* Debug */ = {
			isa = XCBuildConfiguration;
			baseConfigurationReference = 0A0E2D289F48E539ED45520A /* Pods-BANetManager.debug.xcconfig */;
			buildSettings = {
				ASSETCATALOG_COMPILER_APPICON_NAME = AppIcon;
				INFOPLIST_FILE = BANetManager/Info.plist;
				LD_RUNPATH_SEARCH_PATHS = "$(inherited) @executable_path/Frameworks";
				PRODUCT_BUNDLE_IDENTIFIER = "com.-boai.BANetManager";
				PRODUCT_NAME = "$(TARGET_NAME)";
			};
			name = Debug;
		};
		C459E4721D01532D0017A078 /* Release */ = {
			isa = XCBuildConfiguration;
			baseConfigurationReference = 67D848BAB0F5DAD854E553F3 /* Pods-BANetManager.release.xcconfig */;
			buildSettings = {
				ASSETCATALOG_COMPILER_APPICON_NAME = AppIcon;
				INFOPLIST_FILE = BANetManager/Info.plist;
				LD_RUNPATH_SEARCH_PATHS = "$(inherited) @executable_path/Frameworks";
				PRODUCT_BUNDLE_IDENTIFIER = "com.-boai.BANetManager";
				PRODUCT_NAME = "$(TARGET_NAME)";
			};
			name = Release;
		};
/* End XCBuildConfiguration section */

/* Begin XCConfigurationList section */
		C459E4541D01532D0017A078 /* Build configuration list for PBXProject "BANetManager" */ = {
			isa = XCConfigurationList;
			buildConfigurations = (
				C459E46E1D01532D0017A078 /* Debug */,
				C459E46F1D01532D0017A078 /* Release */,
			);
			defaultConfigurationIsVisible = 0;
			defaultConfigurationName = Release;
		};
		C459E4701D01532D0017A078 /* Build configuration list for PBXNativeTarget "BANetManager" */ = {
			isa = XCConfigurationList;
			buildConfigurations = (
				C459E4711D01532D0017A078 /* Debug */,
				C459E4721D01532D0017A078 /* Release */,
			);
			defaultConfigurationIsVisible = 0;
			defaultConfigurationName = Release;
		};
/* End XCConfigurationList section */
	};
	rootObject = C459E4511D01532D0017A078 /* Project object */;
}
