PODS:
  - AFNetworking (4.0.1):
    - AFNetworking/NSURLSession (= 4.0.1)
    - AFNetworking/Reachability (= 4.0.1)
    - AFNetworking/Security (= 4.0.1)
    - AFNetworking/Serialization (= 4.0.1)
    - AFNetworking/UIKit (= 4.0.1)
  - AFNetworking/NSURLSession (4.0.1):
    - AFNetworking/Reachability
    - AFNetworking/Security
    - AFNetworking/Serialization
  - AFNetworking/Reachability (4.0.1)
  - AFNetworking/Security (4.0.1)
  - AFNetworking/Serialization (4.0.1)
  - AFNetworking/UIKit (4.0.1):
    - AFNetworking/NSURLSession
  - MJExtension (3.2.1)
  - YYCache (1.0.4)

DEPENDENCIES:
  - AFNetworking
  - MJExtension
  - YYCache

SPEC REPOS:
  trunk:
    - AFNetworking
    - MJExtension
    - YYCache

SPEC CHECKSUMS:
  AFNetworking: 7864c38297c79aaca1500c33288e429c3451fdce
  MJExtension: 635f2c663dcb1bf76fa4b715b2570a5710aec545
  YYCache: 8105b6638f5e849296c71f331ff83891a4942952

PODFILE CHECKSUM: d55d1863dd7abcfcd189baef2ec7436b3b3bb67e

COCOAPODS: 1.9.1
