// !$*UTF8*$!
{
	archiveVersion = 1;
	classes = {
	};
	objectVersion = 46;
	objects = {

/* Begin PBXBuildFile section */
		C401ED061F1DA0FB0001AD40 /* postdynamic.php in Resources */ = {isa = PBXBuildFile; fileRef = C401ED051F1DA0FB0001AD40 /* postdynamic.php */; };
		C424BBDD1FC3D6A4009B7F6C /* BANetManagerCache.m in Sources */ = {isa = PBXBuildFile; fileRef = C424BBD31FC3D6A3009B7F6C /* BANetManagerCache.m */; };
		C424BBDE1FC3D6A4009B7F6C /* BANetManager.m in Sources */ = {isa = PBXBuildFile; fileRef = C424BBD41FC3D6A3009B7F6C /* BANetManager.m */; };
		C424BBDF1FC3D6A4009B7F6C /* BADataEntity.m in Sources */ = {isa = PBXBuildFile; fileRef = C424BBD71FC3D6A3009B7F6C /* BADataEntity.m */; };
		C424BBE01FC3D6A4009B7F6C /* UIImage+CompressImage.m in Sources */ = {isa = PBXBuildFile; fileRef = C424BBDA1FC3D6A3009B7F6C /* UIImage+CompressImage.m */; };
		C429CD9F20A2FEFD00FE8A25 /* BANetManagerTests.m in Sources */ = {isa = PBXBuildFile; fileRef = C429CD9E20A2FEFD00FE8A25 /* BANetManagerTests.m */; };
		C492313F1ED0431A00B61C37 /* main.m in Sources */ = {isa = PBXBuildFile; fileRef = C492313E1ED0431A00B61C37 /* main.m */; };
		C49231421ED0431A00B61C37 /* AppDelegate.m in Sources */ = {isa = PBXBuildFile; fileRef = C49231411ED0431A00B61C37 /* AppDelegate.m */; };
		C492314A1ED0431A00B61C37 /* Assets.xcassets in Resources */ = {isa = PBXBuildFile; fileRef = C49231491ED0431A00B61C37 /* Assets.xcassets */; };
		C492314D1ED0431A00B61C37 /* LaunchScreen.storyboard in Resources */ = {isa = PBXBuildFile; fileRef = C492314B1ED0431A00B61C37 /* LaunchScreen.storyboard */; };
		C492316E1ED26D0F00B61C37 /* ViewController.m in Sources */ = {isa = PBXBuildFile; fileRef = C492316D1ED26D0F00B61C37 /* ViewController.m */; };
		C49231711ED26D2D00B61C37 /* Main.storyboard in Resources */ = {isa = PBXBuildFile; fileRef = C492316F1ED26D2D00B61C37 /* Main.storyboard */; };
		F852E0031127B2CA28F182FA /* libPods-BANetManager.a in Frameworks */ = {isa = PBXBuildFile; fileRef = 8E8F4FEA979F0E81B0C453A4 /* libPods-BANetManager.a */; };
/* End PBXBuildFile section */

/* Begin PBXContainerItemProxy section */
		C429CDA120A2FEFD00FE8A25 /* PBXContainerItemProxy */ = {
			isa = PBXContainerItemProxy;
			containerPortal = C49231321ED0431A00B61C37 /* Project object */;
			proxyType = 1;
			remoteGlobalIDString = C49231391ED0431A00B61C37;
			remoteInfo = BANetManager;
		};
/* End PBXContainerItemProxy section */

/* Begin PBXFileReference section */
		1534E80A7F0B9F819A7C0076 /* Pods-BANetManager.release.xcconfig */ = {isa = PBXFileReference; includeInIndex = 1; lastKnownFileType = text.xcconfig; name = "Pods-BANetManager.release.xcconfig"; path = "Pods/Target Support Files/Pods-BANetManager/Pods-BANetManager.release.xcconfig"; sourceTree = "<group>"; };
		3A5CFBEBCCE88E55DFFA7211 /* Pods-BANetManager.debug.xcconfig */ = {isa = PBXFileReference; includeInIndex = 1; lastKnownFileType = text.xcconfig; name = "Pods-BANetManager.debug.xcconfig"; path = "Pods/Target Support Files/Pods-BANetManager/Pods-BANetManager.debug.xcconfig"; sourceTree = "<group>"; };
		8E8F4FEA979F0E81B0C453A4 /* libPods-BANetManager.a */ = {isa = PBXFileReference; explicitFileType = archive.ar; includeInIndex = 0; path = "libPods-BANetManager.a"; sourceTree = BUILT_PRODUCTS_DIR; };
		C401ED051F1DA0FB0001AD40 /* postdynamic.php */ = {isa = PBXFileReference; fileEncoding = 4; lastKnownFileType = text.script.php; path = postdynamic.php; sourceTree = "<group>"; };
		C424BBD31FC3D6A3009B7F6C /* BANetManagerCache.m */ = {isa = PBXFileReference; fileEncoding = 4; lastKnownFileType = sourcecode.c.objc; path = BANetManagerCache.m; sourceTree = "<group>"; };
		C424BBD41FC3D6A3009B7F6C /* BANetManager.m */ = {isa = PBXFileReference; fileEncoding = 4; lastKnownFileType = sourcecode.c.objc; path = BANetManager.m; sourceTree = "<group>"; };
		C424BBD51FC3D6A3009B7F6C /* BANetManager_OC.h */ = {isa = PBXFileReference; fileEncoding = 4; lastKnownFileType = sourcecode.c.h; path = BANetManager_OC.h; sourceTree = "<group>"; };
		C424BBD61FC3D6A3009B7F6C /* BADataEntity.h */ = {isa = PBXFileReference; fileEncoding = 4; lastKnownFileType = sourcecode.c.h; path = BADataEntity.h; sourceTree = "<group>"; };
		C424BBD71FC3D6A3009B7F6C /* BADataEntity.m */ = {isa = PBXFileReference; fileEncoding = 4; lastKnownFileType = sourcecode.c.objc; path = BADataEntity.m; sourceTree = "<group>"; };
		C424BBD81FC3D6A3009B7F6C /* BANetManager_Version.h */ = {isa = PBXFileReference; fileEncoding = 4; lastKnownFileType = sourcecode.c.h; path = BANetManager_Version.h; sourceTree = "<group>"; };
		C424BBD91FC3D6A3009B7F6C /* UIImage+CompressImage.h */ = {isa = PBXFileReference; fileEncoding = 4; lastKnownFileType = sourcecode.c.h; path = "UIImage+CompressImage.h"; sourceTree = "<group>"; };
		C424BBDA1FC3D6A3009B7F6C /* UIImage+CompressImage.m */ = {isa = PBXFileReference; fileEncoding = 4; lastKnownFileType = sourcecode.c.objc; path = "UIImage+CompressImage.m"; sourceTree = "<group>"; };
		C424BBDB1FC3D6A4009B7F6C /* BANetManager.h */ = {isa = PBXFileReference; fileEncoding = 4; lastKnownFileType = sourcecode.c.h; path = BANetManager.h; sourceTree = "<group>"; };
		C424BBDC1FC3D6A4009B7F6C /* BANetManagerCache.h */ = {isa = PBXFileReference; fileEncoding = 4; lastKnownFileType = sourcecode.c.h; path = BANetManagerCache.h; sourceTree = "<group>"; };
		C429CD9C20A2FEFD00FE8A25 /* BANetManagerTests.xctest */ = {isa = PBXFileReference; explicitFileType = wrapper.cfbundle; includeInIndex = 0; path = BANetManagerTests.xctest; sourceTree = BUILT_PRODUCTS_DIR; };
		C429CD9E20A2FEFD00FE8A25 /* BANetManagerTests.m */ = {isa = PBXFileReference; lastKnownFileType = sourcecode.c.objc; path = BANetManagerTests.m; sourceTree = "<group>"; };
		C429CDA020A2FEFD00FE8A25 /* Info.plist */ = {isa = PBXFileReference; lastKnownFileType = text.plist.xml; path = Info.plist; sourceTree = "<group>"; };
		C492313A1ED0431A00B61C37 /* BANetManager.app */ = {isa = PBXFileReference; explicitFileType = wrapper.application; includeInIndex = 0; path = BANetManager.app; sourceTree = BUILT_PRODUCTS_DIR; };
		C492313E1ED0431A00B61C37 /* main.m */ = {isa = PBXFileReference; lastKnownFileType = sourcecode.c.objc; path = main.m; sourceTree = "<group>"; };
		C49231401ED0431A00B61C37 /* AppDelegate.h */ = {isa = PBXFileReference; lastKnownFileType = sourcecode.c.h; path = AppDelegate.h; sourceTree = "<group>"; };
		C49231411ED0431A00B61C37 /* AppDelegate.m */ = {isa = PBXFileReference; lastKnownFileType = sourcecode.c.objc; path = AppDelegate.m; sourceTree = "<group>"; };
		C49231491ED0431A00B61C37 /* Assets.xcassets */ = {isa = PBXFileReference; lastKnownFileType = folder.assetcatalog; path = Assets.xcassets; sourceTree = "<group>"; };
		C492314C1ED0431A00B61C37 /* Base */ = {isa = PBXFileReference; lastKnownFileType = file.storyboard; name = Base; path = Base.lproj/LaunchScreen.storyboard; sourceTree = "<group>"; };
		C492314E1ED0431A00B61C37 /* Info.plist */ = {isa = PBXFileReference; lastKnownFileType = text.plist.xml; path = Info.plist; sourceTree = "<group>"; };
		C492316C1ED26D0F00B61C37 /* ViewController.h */ = {isa = PBXFileReference; fileEncoding = 4; lastKnownFileType = sourcecode.c.h; path = ViewController.h; sourceTree = "<group>"; };
		C492316D1ED26D0F00B61C37 /* ViewController.m */ = {isa = PBXFileReference; fileEncoding = 4; lastKnownFileType = sourcecode.c.objc; path = ViewController.m; sourceTree = "<group>"; };
		C49231701ED26D2D00B61C37 /* Base */ = {isa = PBXFileReference; lastKnownFileType = file.storyboard; name = Base; path = Base.lproj/Main.storyboard; sourceTree = "<group>"; };
/* End PBXFileReference section */

/* Begin PBXFrameworksBuildPhase section */
		C429CD9920A2FEFD00FE8A25 /* Frameworks */ = {
			isa = PBXFrameworksBuildPhase;
			buildActionMask = 2147483647;
			files = (
			);
			runOnlyForDeploymentPostprocessing = 0;
		};
		C49231371ED0431A00B61C37 /* Frameworks */ = {
			isa = PBXFrameworksBuildPhase;
			buildActionMask = 2147483647;
			files = (
				F852E0031127B2CA28F182FA /* libPods-BANetManager.a in Frameworks */,
			);
			runOnlyForDeploymentPostprocessing = 0;
		};
/* End PBXFrameworksBuildPhase section */

/* Begin PBXGroup section */
		1EDD0ABE2F68B858EBD30FB8 /* Pods */ = {
			isa = PBXGroup;
			children = (
				3A5CFBEBCCE88E55DFFA7211 /* Pods-BANetManager.debug.xcconfig */,
				1534E80A7F0B9F819A7C0076 /* Pods-BANetManager.release.xcconfig */,
			);
			name = Pods;
			sourceTree = "<group>";
		};
		B3573AA6CFD764CB9D84D536 /* Frameworks */ = {
			isa = PBXGroup;
			children = (
				8E8F4FEA979F0E81B0C453A4 /* libPods-BANetManager.a */,
			);
			name = Frameworks;
			sourceTree = "<group>";
		};
		C429CD9D20A2FEFD00FE8A25 /* BANetManagerTests */ = {
			isa = PBXGroup;
			children = (
				C429CD9E20A2FEFD00FE8A25 /* BANetManagerTests.m */,
				C429CDA020A2FEFD00FE8A25 /* Info.plist */,
			);
			path = BANetManagerTests;
			sourceTree = "<group>";
		};
		C49231311ED0431A00B61C37 = {
			isa = PBXGroup;
			children = (
				C492313C1ED0431A00B61C37 /* BANetManager */,
				C429CD9D20A2FEFD00FE8A25 /* BANetManagerTests */,
				C492313B1ED0431A00B61C37 /* Products */,
				1EDD0ABE2F68B858EBD30FB8 /* Pods */,
				B3573AA6CFD764CB9D84D536 /* Frameworks */,
			);
			sourceTree = "<group>";
		};
		C492313B1ED0431A00B61C37 /* Products */ = {
			isa = PBXGroup;
			children = (
				C492313A1ED0431A00B61C37 /* BANetManager.app */,
				C429CD9C20A2FEFD00FE8A25 /* BANetManagerTests.xctest */,
			);
			name = Products;
			sourceTree = "<group>";
		};
		C492313C1ED0431A00B61C37 /* BANetManager */ = {
			isa = PBXGroup;
			children = (
				C49231541ED0434300B61C37 /* BANetManager */,
				C49231401ED0431A00B61C37 /* AppDelegate.h */,
				C49231411ED0431A00B61C37 /* AppDelegate.m */,
				C492316C1ED26D0F00B61C37 /* ViewController.h */,
				C492316D1ED26D0F00B61C37 /* ViewController.m */,
				C401ED051F1DA0FB0001AD40 /* postdynamic.php */,
				C492316F1ED26D2D00B61C37 /* Main.storyboard */,
				C49231491ED0431A00B61C37 /* Assets.xcassets */,
				C492314B1ED0431A00B61C37 /* LaunchScreen.storyboard */,
				C492314E1ED0431A00B61C37 /* Info.plist */,
				C492313D1ED0431A00B61C37 /* Supporting Files */,
			);
			path = BANetManager;
			sourceTree = "<group>";
		};
		C492313D1ED0431A00B61C37 /* Supporting Files */ = {
			isa = PBXGroup;
			children = (
				C492313E1ED0431A00B61C37 /* main.m */,
			);
			name = "Supporting Files";
			sourceTree = "<group>";
		};
		C49231541ED0434300B61C37 /* BANetManager */ = {
			isa = PBXGroup;
			children = (
				C424BBD61FC3D6A3009B7F6C /* BADataEntity.h */,
				C424BBD71FC3D6A3009B7F6C /* BADataEntity.m */,
				C424BBD51FC3D6A3009B7F6C /* BANetManager_OC.h */,
				C424BBD81FC3D6A3009B7F6C /* BANetManager_Version.h */,
				C424BBDB1FC3D6A4009B7F6C /* BANetManager.h */,
				C424BBD41FC3D6A3009B7F6C /* BANetManager.m */,
				C424BBDC1FC3D6A4009B7F6C /* BANetManagerCache.h */,
				C424BBD31FC3D6A3009B7F6C /* BANetManagerCache.m */,
				C424BBD91FC3D6A3009B7F6C /* UIImage+CompressImage.h */,
				C424BBDA1FC3D6A3009B7F6C /* UIImage+CompressImage.m */,
			);
			path = BANetManager;
			sourceTree = "<group>";
		};
/* End PBXGroup section */

/* Begin PBXNativeTarget section */
		C429CD9B20A2FEFD00FE8A25 /* BANetManagerTests */ = {
			isa = PBXNativeTarget;
			buildConfigurationList = C429CDA520A2FEFD00FE8A25 /* Build configuration list for PBXNativeTarget "BANetManagerTests" */;
			buildPhases = (
				C429CD9820A2FEFD00FE8A25 /* Sources */,
				C429CD9920A2FEFD00FE8A25 /* Frameworks */,
				C429CD9A20A2FEFD00FE8A25 /* Resources */,
			);
			buildRules = (
			);
			dependencies = (
				C429CDA220A2FEFD00FE8A25 /* PBXTargetDependency */,
			);
			name = BANetManagerTests;
			productName = BANetManagerTests;
			productReference = C429CD9C20A2FEFD00FE8A25 /* BANetManagerTests.xctest */;
			productType = "com.apple.product-type.bundle.unit-test";
		};
		C49231391ED0431A00B61C37 /* BANetManager */ = {
			isa = PBXNativeTarget;
			buildConfigurationList = C49231511ED0431A00B61C37 /* Build configuration list for PBXNativeTarget "BANetManager" */;
			buildPhases = (
				7668767DC31F572540678215 /* [CP] Check Pods Manifest.lock */,
				C49231361ED0431A00B61C37 /* Sources */,
				C49231371ED0431A00B61C37 /* Frameworks */,
				C49231381ED0431A00B61C37 /* Resources */,
				BF37F19664EB3CF797ACA464 /* [CP] Embed Pods Frameworks */,
				580CE21AD05B0170ECCD7300 /* [CP] Copy Pods Resources */,
			);
			buildRules = (
			);
			dependencies = (
			);
			name = BANetManager;
			productName = BANetManager;
			productReference = C492313A1ED0431A00B61C37 /* BANetManager.app */;
			productType = "com.apple.product-type.application";
		};
/* End PBXNativeTarget section */

/* Begin PBXProject section */
		C49231321ED0431A00B61C37 /* Project object */ = {
			isa = PBXProject;
			attributes = {
				LastUpgradeCheck = 0830;
				ORGANIZATIONNAME = boai;
				TargetAttributes = {
					C429CD9B20A2FEFD00FE8A25 = {
						CreatedOnToolsVersion = 9.4;
						DevelopmentTeam = J657G2JCAQ;
						ProvisioningStyle = Automatic;
						TestTargetID = C49231391ED0431A00B61C37;
					};
					C49231391ED0431A00B61C37 = {
						CreatedOnToolsVersion = 8.3.2;
						DevelopmentTeam = J657G2JCAQ;
						ProvisioningStyle = Automatic;
					};
				};
			};
			buildConfigurationList = C49231351ED0431A00B61C37 /* Build configuration list for PBXProject "BANetManager" */;
			compatibilityVersion = "Xcode 3.2";
			developmentRegion = English;
			hasScannedForEncodings = 0;
			knownRegions = (
				en,
				Base,
			);
			mainGroup = C49231311ED0431A00B61C37;
			productRefGroup = C492313B1ED0431A00B61C37 /* Products */;
			projectDirPath = "";
			projectRoot = "";
			targets = (
				C49231391ED0431A00B61C37 /* BANetManager */,
				C429CD9B20A2FEFD00FE8A25 /* BANetManagerTests */,
			);
		};
/* End PBXProject section */

/* Begin PBXResourcesBuildPhase section */
		C429CD9A20A2FEFD00FE8A25 /* Resources */ = {
			isa = PBXResourcesBuildPhase;
			buildActionMask = 2147483647;
			files = (
			);
			runOnlyForDeploymentPostprocessing = 0;
		};
		C49231381ED0431A00B61C37 /* Resources */ = {
			isa = PBXResourcesBuildPhase;
			buildActionMask = 2147483647;
			files = (
				C401ED061F1DA0FB0001AD40 /* postdynamic.php in Resources */,
				C492314D1ED0431A00B61C37 /* LaunchScreen.storyboard in Resources */,
				C492314A1ED0431A00B61C37 /* Assets.xcassets in Resources */,
				C49231711ED26D2D00B61C37 /* Main.storyboard in Resources */,
			);
			runOnlyForDeploymentPostprocessing = 0;
		};
/* End PBXResourcesBuildPhase section */

/* Begin PBXShellScriptBuildPhase section */
		580CE21AD05B0170ECCD7300 /* [CP] Copy Pods Resources */ = {
			isa = PBXShellScriptBuildPhase;
			buildActionMask = 2147483647;
			files = (
			);
			inputPaths = (
			);
			name = "[CP] Copy Pods Resources";
			outputPaths = (
			);
			runOnlyForDeploymentPostprocessing = 0;
			shellPath = /bin/sh;
			shellScript = "\"${SRCROOT}/Pods/Target Support Files/Pods-BANetManager/Pods-BANetManager-resources.sh\"\n";
			showEnvVarsInLog = 0;
		};
		7668767DC31F572540678215 /* [CP] Check Pods Manifest.lock */ = {
			isa = PBXShellScriptBuildPhase;
			buildActionMask = 2147483647;
			files = (
			);
			inputPaths = (
				"${PODS_PODFILE_DIR_PATH}/Podfile.lock",
				"${PODS_ROOT}/Manifest.lock",
			);
			name = "[CP] Check Pods Manifest.lock";
			outputPaths = (
				"$(DERIVED_FILE_DIR)/Pods-BANetManager-checkManifestLockResult.txt",
			);
			runOnlyForDeploymentPostprocessing = 0;
			shellPath = /bin/sh;
			shellScript = "diff \"${PODS_PODFILE_DIR_PATH}/Podfile.lock\" \"${PODS_ROOT}/Manifest.lock\" > /dev/null\nif [ $? != 0 ] ; then\n    # print error to STDERR\n    echo \"error: The sandbox is not in sync with the Podfile.lock. Run 'pod install' or update your CocoaPods installation.\" >&2\n    exit 1\nfi\n# This output is used by Xcode 'outputs' to avoid re-running this script phase.\necho \"SUCCESS\" > \"${SCRIPT_OUTPUT_FILE_0}\"\n";
			showEnvVarsInLog = 0;
		};
		BF37F19664EB3CF797ACA464 /* [CP] Embed Pods Frameworks */ = {
			isa = PBXShellScriptBuildPhase;
			buildActionMask = 2147483647;
			files = (
			);
			inputPaths = (
			);
			name = "[CP] Embed Pods Frameworks";
			outputPaths = (
			);
			runOnlyForDeploymentPostprocessing = 0;
			shellPath = /bin/sh;
			shellScript = "\"${SRCROOT}/Pods/Target Support Files/Pods-BANetManager/Pods-BANetManager-frameworks.sh\"\n";
			showEnvVarsInLog = 0;
		};
/* End PBXShellScriptBuildPhase section */

/* Begin PBXSourcesBuildPhase section */
		C429CD9820A2FEFD00FE8A25 /* Sources */ = {
			isa = PBXSourcesBuildPhase;
			buildActionMask = 2147483647;
			files = (
				C429CD9F20A2FEFD00FE8A25 /* BANetManagerTests.m in Sources */,
			);
			runOnlyForDeploymentPostprocessing = 0;
		};
		C49231361ED0431A00B61C37 /* Sources */ = {
			isa = PBXSourcesBuildPhase;
			buildActionMask = 2147483647;
			files = (
				C492316E1ED26D0F00B61C37 /* ViewController.m in Sources */,
				C424BBDE1FC3D6A4009B7F6C /* BANetManager.m in Sources */,
				C49231421ED0431A00B61C37 /* AppDelegate.m in Sources */,
				C492313F1ED0431A00B61C37 /* main.m in Sources */,
				C424BBE01FC3D6A4009B7F6C /* UIImage+CompressImage.m in Sources */,
				C424BBDD1FC3D6A4009B7F6C /* BANetManagerCache.m in Sources */,
				C424BBDF1FC3D6A4009B7F6C /* BADataEntity.m in Sources */,
			);
			runOnlyForDeploymentPostprocessing = 0;
		};
/* End PBXSourcesBuildPhase section */

/* Begin PBXTargetDependency section */
		C429CDA220A2FEFD00FE8A25 /* PBXTargetDependency */ = {
			isa = PBXTargetDependency;
			target = C49231391ED0431A00B61C37 /* BANetManager */;
			targetProxy = C429CDA120A2FEFD00FE8A25 /* PBXContainerItemProxy */;
		};
/* End PBXTargetDependency section */

/* Begin PBXVariantGroup section */
		C492314B1ED0431A00B61C37 /* LaunchScreen.storyboard */ = {
			isa = PBXVariantGroup;
			children = (
				C492314C1ED0431A00B61C37 /* Base */,
			);
			name = LaunchScreen.storyboard;
			sourceTree = "<group>";
		};
		C492316F1ED26D2D00B61C37 /* Main.storyboard */ = {
			isa = PBXVariantGroup;
			children = (
				C49231701ED26D2D00B61C37 /* Base */,
			);
			name = Main.storyboard;
			sourceTree = "<group>";
		};
/* End PBXVariantGroup section */

/* Begin XCBuildConfiguration section */
		C429CDA320A2FEFD00FE8A25 /* Debug */ = {
			isa = XCBuildConfiguration;
			buildSettings = {
				BUNDLE_LOADER = "$(TEST_HOST)";
				CLANG_CXX_LANGUAGE_STANDARD = "gnu++14";
				CLANG_ENABLE_OBJC_WEAK = YES;
				CLANG_WARN_BLOCK_CAPTURE_AUTORELEASING = YES;
				CLANG_WARN_COMMA = YES;
				CLANG_WARN_DEPRECATED_OBJC_IMPLEMENTATIONS = YES;
				CLANG_WARN_NON_LITERAL_NULL_CONVERSION = YES;
				CLANG_WARN_OBJC_IMPLICIT_RETAIN_SELF = YES;
				CLANG_WARN_OBJC_LITERAL_CONVERSION = YES;
				CLANG_WARN_RANGE_LOOP_ANALYSIS = YES;
				CLANG_WARN_STRICT_PROTOTYPES = YES;
				CLANG_WARN_UNGUARDED_AVAILABILITY = YES_AGGRESSIVE;
				CODE_SIGN_IDENTITY = "iPhone Developer";
				CODE_SIGN_STYLE = Automatic;
				DEVELOPMENT_TEAM = J657G2JCAQ;
				GCC_C_LANGUAGE_STANDARD = gnu11;
				INFOPLIST_FILE = BANetManagerTests/Info.plist;
				IPHONEOS_DEPLOYMENT_TARGET = 11.4;
				LD_RUNPATH_SEARCH_PATHS = "$(inherited) @executable_path/Frameworks @loader_path/Frameworks";
				PRODUCT_BUNDLE_IDENTIFIER = boai.BANetManagerTests;
				PRODUCT_NAME = "$(TARGET_NAME)";
				TARGETED_DEVICE_FAMILY = "1,2";
				TEST_HOST = "$(BUILT_PRODUCTS_DIR)/BANetManager.app/BANetManager";
			};
			name = Debug;
		};
		C429CDA420A2FEFD00FE8A25 /* Release */ = {
			isa = XCBuildConfiguration;
			buildSettings = {
				BUNDLE_LOADER = "$(TEST_HOST)";
				CLANG_CXX_LANGUAGE_STANDARD = "gnu++14";
				CLANG_ENABLE_OBJC_WEAK = YES;
				CLANG_WARN_BLOCK_CAPTURE_AUTORELEASING = YES;
				CLANG_WARN_COMMA = YES;
				CLANG_WARN_DEPRECATED_OBJC_IMPLEMENTATIONS = YES;
				CLANG_WARN_NON_LITERAL_NULL_CONVERSION = YES;
				CLANG_WARN_OBJC_IMPLICIT_RETAIN_SELF = YES;
				CLANG_WARN_OBJC_LITERAL_CONVERSION = YES;
				CLANG_WARN_RANGE_LOOP_ANALYSIS = YES;
				CLANG_WARN_STRICT_PROTOTYPES = YES;
				CLANG_WARN_UNGUARDED_AVAILABILITY = YES_AGGRESSIVE;
				CODE_SIGN_IDENTITY = "iPhone Developer";
				CODE_SIGN_STYLE = Automatic;
				DEVELOPMENT_TEAM = J657G2JCAQ;
				GCC_C_LANGUAGE_STANDARD = gnu11;
				INFOPLIST_FILE = BANetManagerTests/Info.plist;
				IPHONEOS_DEPLOYMENT_TARGET = 11.4;
				LD_RUNPATH_SEARCH_PATHS = "$(inherited) @executable_path/Frameworks @loader_path/Frameworks";
				PRODUCT_BUNDLE_IDENTIFIER = boai.BANetManagerTests;
				PRODUCT_NAME = "$(TARGET_NAME)";
				TARGETED_DEVICE_FAMILY = "1,2";
				TEST_HOST = "$(BUILT_PRODUCTS_DIR)/BANetManager.app/BANetManager";
			};
			name = Release;
		};
		C492314F1ED0431A00B61C37 /* Debug */ = {
			isa = XCBuildConfiguration;
			buildSettings = {
				ALWAYS_SEARCH_USER_PATHS = NO;
				CLANG_ANALYZER_NONNULL = YES;
				CLANG_ANALYZER_NUMBER_OBJECT_CONVERSION = YES_AGGRESSIVE;
				CLANG_CXX_LANGUAGE_STANDARD = "gnu++0x";
				CLANG_CXX_LIBRARY = "libc++";
				CLANG_ENABLE_MODULES = YES;
				CLANG_ENABLE_OBJC_ARC = YES;
				CLANG_WARN_BOOL_CONVERSION = YES;
				CLANG_WARN_CONSTANT_CONVERSION = YES;
				CLANG_WARN_DIRECT_OBJC_ISA_USAGE = YES_ERROR;
				CLANG_WARN_DOCUMENTATION_COMMENTS = YES;
				CLANG_WARN_EMPTY_BODY = YES;
				CLANG_WARN_ENUM_CONVERSION = YES;
				CLANG_WARN_INFINITE_RECURSION = YES;
				CLANG_WARN_INT_CONVERSION = YES;
				CLANG_WARN_OBJC_ROOT_CLASS = YES_ERROR;
				CLANG_WARN_SUSPICIOUS_MOVE = YES;
				CLANG_WARN_UNREACHABLE_CODE = YES;
				CLANG_WARN__DUPLICATE_METHOD_MATCH = YES;
				"CODE_SIGN_IDENTITY[sdk=iphoneos*]" = "iPhone Developer";
				COPY_PHASE_STRIP = NO;
				DEBUG_INFORMATION_FORMAT = dwarf;
				ENABLE_STRICT_OBJC_MSGSEND = YES;
				ENABLE_TESTABILITY = YES;
				GCC_C_LANGUAGE_STANDARD = gnu99;
				GCC_DYNAMIC_NO_PIC = NO;
				GCC_NO_COMMON_BLOCKS = YES;
				GCC_OPTIMIZATION_LEVEL = 0;
				GCC_PREPROCESSOR_DEFINITIONS = (
					"DEBUG=1",
					"$(inherited)",
				);
				GCC_WARN_64_TO_32_BIT_CONVERSION = YES;
				GCC_WARN_ABOUT_RETURN_TYPE = YES_ERROR;
				GCC_WARN_UNDECLARED_SELECTOR = YES;
				GCC_WARN_UNINITIALIZED_AUTOS = YES_AGGRESSIVE;
				GCC_WARN_UNUSED_FUNCTION = YES;
				GCC_WARN_UNUSED_VARIABLE = YES;
				IPHONEOS_DEPLOYMENT_TARGET = 10.3;
				MTL_ENABLE_DEBUG_INFO = YES;
				ONLY_ACTIVE_ARCH = YES;
				SDKROOT = iphoneos;
			};
			name = Debug;
		};
		C49231501ED0431A00B61C37 /* Release */ = {
			isa = XCBuildConfiguration;
			buildSettings = {
				ALWAYS_SEARCH_USER_PATHS = NO;
				CLANG_ANALYZER_NONNULL = YES;
				CLANG_ANALYZER_NUMBER_OBJECT_CONVERSION = YES_AGGRESSIVE;
				CLANG_CXX_LANGUAGE_STANDARD = "gnu++0x";
				CLANG_CXX_LIBRARY = "libc++";
				CLANG_ENABLE_MODULES = YES;
				CLANG_ENABLE_OBJC_ARC = YES;
				CLANG_WARN_BOOL_CONVERSION = YES;
				CLANG_WARN_CONSTANT_CONVERSION = YES;
				CLANG_WARN_DIRECT_OBJC_ISA_USAGE = YES_ERROR;
				CLANG_WARN_DOCUMENTATION_COMMENTS = YES;
				CLANG_WARN_EMPTY_BODY = YES;
				CLANG_WARN_ENUM_CONVERSION = YES;
				CLANG_WARN_INFINITE_RECURSION = YES;
				CLANG_WARN_INT_CONVERSION = YES;
				CLANG_WARN_OBJC_ROOT_CLASS = YES_ERROR;
				CLANG_WARN_SUSPICIOUS_MOVE = YES;
				CLANG_WARN_UNREACHABLE_CODE = YES;
				CLANG_WARN__DUPLICATE_METHOD_MATCH = YES;
				"CODE_SIGN_IDENTITY[sdk=iphoneos*]" = "iPhone Developer";
				COPY_PHASE_STRIP = NO;
				DEBUG_INFORMATION_FORMAT = "dwarf-with-dsym";
				ENABLE_NS_ASSERTIONS = NO;
				ENABLE_STRICT_OBJC_MSGSEND = YES;
				GCC_C_LANGUAGE_STANDARD = gnu99;
				GCC_NO_COMMON_BLOCKS = YES;
				GCC_WARN_64_TO_32_BIT_CONVERSION = YES;
				GCC_WARN_ABOUT_RETURN_TYPE = YES_ERROR;
				GCC_WARN_UNDECLARED_SELECTOR = YES;
				GCC_WARN_UNINITIALIZED_AUTOS = YES_AGGRESSIVE;
				GCC_WARN_UNUSED_FUNCTION = YES;
				GCC_WARN_UNUSED_VARIABLE = YES;
				IPHONEOS_DEPLOYMENT_TARGET = 10.3;
				MTL_ENABLE_DEBUG_INFO = NO;
				SDKROOT = iphoneos;
				VALIDATE_PRODUCT = YES;
			};
			name = Release;
		};
		C49231521ED0431A00B61C37 /* Debug */ = {
			isa = XCBuildConfiguration;
			baseConfigurationReference = 3A5CFBEBCCE88E55DFFA7211 /* Pods-BANetManager.debug.xcconfig */;
			buildSettings = {
				ASSETCATALOG_COMPILER_APPICON_NAME = AppIcon;
				DEVELOPMENT_TEAM = J657G2JCAQ;
				INFOPLIST_FILE = BANetManager/Info.plist;
				IPHONEOS_DEPLOYMENT_TARGET = 9.0;
				LD_RUNPATH_SEARCH_PATHS = "$(inherited) @executable_path/Frameworks";
				PRODUCT_BUNDLE_IDENTIFIER = com.boaihome.BANetManagerxinhuamm;
				PRODUCT_NAME = "$(TARGET_NAME)";
			};
			name = Debug;
		};
		C49231531ED0431A00B61C37 /* Release */ = {
			isa = XCBuildConfiguration;
			baseConfigurationReference = 1534E80A7F0B9F819A7C0076 /* Pods-BANetManager.release.xcconfig */;
			buildSettings = {
				ASSETCATALOG_COMPILER_APPICON_NAME = AppIcon;
				DEVELOPMENT_TEAM = J657G2JCAQ;
				INFOPLIST_FILE = BANetManager/Info.plist;
				IPHONEOS_DEPLOYMENT_TARGET = 9.0;
				LD_RUNPATH_SEARCH_PATHS = "$(inherited) @executable_path/Frameworks";
				PRODUCT_BUNDLE_IDENTIFIER = com.boaihome.BANetManagerxinhuamm;
				PRODUCT_NAME = "$(TARGET_NAME)";
			};
			name = Release;
		};
/* End XCBuildConfiguration section */

/* Begin XCConfigurationList section */
		C429CDA520A2FEFD00FE8A25 /* Build configuration list for PBXNativeTarget "BANetManagerTests" */ = {
			isa = XCConfigurationList;
			buildConfigurations = (
				C429CDA320A2FEFD00FE8A25 /* Debug */,
				C429CDA420A2FEFD00FE8A25 /* Release */,
			);
			defaultConfigurationIsVisible = 0;
			defaultConfigurationName = Release;
		};
		C49231351ED0431A00B61C37 /* Build configuration list for PBXProject "BANetManager" */ = {
			isa = XCConfigurationList;
			buildConfigurations = (
				C492314F1ED0431A00B61C37 /* Debug */,
				C49231501ED0431A00B61C37 /* Release */,
			);
			defaultConfigurationIsVisible = 0;
			defaultConfigurationName = Release;
		};
		C49231511ED0431A00B61C37 /* Build configuration list for PBXNativeTarget "BANetManager" */ = {
			isa = XCConfigurationList;
			buildConfigurations = (
				C49231521ED0431A00B61C37 /* Debug */,
				C49231531ED0431A00B61C37 /* Release */,
			);
			defaultConfigurationIsVisible = 0;
			defaultConfigurationName = Release;
		};
/* End XCConfigurationList section */
	};
	rootObject = C49231321ED0431A00B61C37 /* Project object */;
}
